{
  "nodes": {
    "darwin": {
      "inputs": {
        "nixpkgs": [
          "nixpkgs-darwin"
        ]
      },
      "locked": {
        "lastModified": 1721719500,
        "narHash": "sha256-nnkqjv4Y37Hydjh6HE9wW4kSkV5Q7q4iIXlL5lwUFOw=",
        "owner": "LnL7",
        "repo": "nix-darwin",
        "rev": "884f3fe6d9bf056ba0017c132c39c1f0d07d4fec",
        "type": "github"
      },
      "original": {
        "owner": "LnL7",
        "repo": "nix-darwin",
        "type": "github"
      }
    },
    "flake-compat": {
      "flake": false,
      "locked": {
        "lastModified": 1696426674,
        "narHash": "sha256-kvjfFW7WAETZlt09AgDn1MrtKzP7t90Vf7vypd3OL1U=",
        "owner": "edolstra",
        "repo": "flake-compat",
        "rev": "0f9255e01c2351cc7d116c072cb317785dd33b33",
        "type": "github"
      },
      "original": {
        "owner": "edolstra",
        "repo": "flake-compat",
        "type": "github"
      }
    },
    "flake-parts": {
      "inputs": {
        "nixpkgs-lib": [
          "nixpkgs"
        ]
      },
      "locked": {
        "lastModified": 1719994518,
        "narHash": "sha256-pQMhCCHyQGRzdfAkdJ4cIWiw+JNuWsTX7f0ZYSyz0VY=",
        "owner": "hercules-ci",
        "repo": "flake-parts",
        "rev": "9227223f6d922fee3c7b190b2cc238a99527bbb7",
        "type": "github"
      },
      "original": {
        "owner": "hercules-ci",
        "repo": "flake-parts",
        "type": "github"
      }
    },
    "git-hooks-nix": {
      "inputs": {
        "flake-compat": "flake-compat",
        "gitignore": "gitignore",
        "nixpkgs": [
          "nixpkgs-unstable"
        ],
        "nixpkgs-stable": [
          "nixpkgs"
        ]
      },
      "locked": {
        "lastModified": 1721042469,
        "narHash": "sha256-6FPUl7HVtvRHCCBQne7Ylp4p+dpP3P/OYuzjztZ4s70=",
        "owner": "cachix",
        "repo": "git-hooks.nix",
        "rev": "f451c19376071a90d8c58ab1a953c6e9840527fd",
        "type": "github"
      },
      "original": {
        "owner": "cachix",
        "repo": "git-hooks.nix",
        "type": "github"
      }
    },
    "gitignore": {
      "inputs": {
        "nixpkgs": [
          "git-hooks-nix",
          "nixpkgs"
        ]
      },
      "locked": {
        "lastModified": 1709087332,
        "narHash": "sha256-HG2cCnktfHsKV0s4XW83gU3F57gaTljL9KNSuG6bnQs=",
        "owner": "hercules-ci",
        "repo": "gitignore.nix",
        "rev": "637db329424fd7e46cf4185293b9cc8c88c95394",
        "type": "github"
      },
      "original": {
        "owner": "hercules-ci",
        "repo": "gitignore.nix",
        "type": "github"
      }
    },
    "home-manager": {
      "inputs": {
        "nixpkgs": [
          "nixpkgs"
        ]
      },
      "locked": {
        "lastModified": 1720042825,
        "narHash": "sha256-A0vrUB6x82/jvf17qPCpxaM+ulJnD8YZwH9Ci0BsAzE=",
        "owner": "nix-community",
        "repo": "home-manager",
        "rev": "e1391fb22e18a36f57e6999c7a9f966dc80ac073",
        "type": "github"
      },
      "original": {
        "owner": "nix-community",
        "ref": "release-24.05",
        "repo": "home-manager",
        "type": "github"
      }
    },
    "nixpkgs": {
      "locked": {
        "lastModified": 1721548954,
        "narHash": "sha256-7cCC8+Tdq1+3OPyc3+gVo9dzUNkNIQfwSDJ2HSi2u3o=",
        "owner": "nixos",
        "repo": "nixpkgs",
        "rev": "63d37ccd2d178d54e7fb691d7ec76000740ea24a",
        "type": "github"
      },
      "original": {
        "owner": "nixos",
        "ref": "nixos-24.05",
        "repo": "nixpkgs",
        "type": "github"
      }
    },
    "nixpkgs-darwin": {
      "locked": {
        "lastModified": 1721662280,
        "narHash": "sha256-veJoWy9VCxWaBeLYUD0BqTu2fqMvDg98TxSFau7ewaA=",
        "owner": "NixOS",
        "repo": "nixpkgs",
        "rev": "ea73e7ae9dea53d112cb08fb78f4e00d1f686c54",
        "type": "github"
      },
      "original": {
        "owner": "NixOS",
        "ref": "nixpkgs-24.05-darwin",
        "repo": "nixpkgs",
        "type": "github"
      }
    },
    "nixpkgs-unstable": {
      "locked": {
        "lastModified": 1721622093,
        "narHash": "sha256-iQ+quy3A1EKeFyLyAtjhgSvZHH7r+xybXZkxMhasN4I=",
        "owner": "nixos",
        "repo": "nixpkgs",
        "rev": "453402b94f39f968a7c27df28e060f69e4a50c3b",
        "type": "github"
      },
      "original": {
        "owner": "nixos",
        "ref": "nixpkgs-unstable",
        "repo": "nixpkgs",
        "type": "github"
      }
    },
    "root": {
      "inputs": {
        "darwin": "darwin",
        "flake-parts": "flake-parts",
        "git-hooks-nix": "git-hooks-nix",
        "home-manager": "home-manager",
        "nixpkgs": "nixpkgs",
        "nixpkgs-darwin": "nixpkgs-darwin",
        "nixpkgs-unstable": "nixpkgs-unstable",
        "treefmt-nix": "treefmt-nix"
      }
    },
    "treefmt-nix": {
      "inputs": {
        "nixpkgs": [
          "nixpkgs"
        ]
      },
      "locked": {
        "lastModified": 1721458737,
        "narHash": "sha256-wNXLQ/ATs1S4Opg1PmuNoJ+Wamqj93rgZYV3Di7kxkg=",
        "owner": "numtide",
        "repo": "treefmt-nix",
        "rev": "888bfb10a9b091d9ed2f5f8064de8d488f7b7c97",
        "type": "github"
      },
      "original": {
        "owner": "numtide",
        "repo": "treefmt-nix",
        "type": "github"
      }
    }
  },
  "root": "root",
  "version": 7
}
